
Microsoft Visual Studio Solution File, Format Version 12.00
# Visual Studio Version 16
VisualStudioVersion = 25.0.1704.3
MinimumVisualStudioVersion = 10.0.40219.1
Project("{FAE04EC0-301F-11D3-BF4B-00C04F79EFBC}") = "MovieTicketBookingSystem", "MovieTicketBookingSystem\MovieTicketBookingSystem.csproj", "{9CA824B3-0982-4A4A-AEDF-0C3E817B493D}"
EndProject
Global
	GlobalSection(SolutionConfigurationPlatforms) = preSolution
		Debug|Any CPU = Debug|Any CPU
		Release|Any CPU = Release|Any CPU
	EndGlobalSection
	GlobalSection(ProjectConfigurationPlatforms) = postSolution
		{9CA824B3-0982-4A4A-AEDF-0C3E817B493D}.Debug|Any CPU.ActiveCfg = Debug|Any CPU
		{9CA824B3-0982-4A4A-AEDF-0C3E817B493D}.Debug|Any CPU.Build.0 = Debug|Any CPU
		{9CA824B3-0982-4A4A-AEDF-0C3E817B493D}.Release|Any CPU.ActiveCfg = Release|Any CPU
		{9CA824B3-0982-4A4A-AEDF-0C3E817B493D}.Release|Any CPU.Build.0 = Release|Any CPU
	EndGlobalSection
	GlobalSection(SolutionProperties) = preSolution
		HideSolutionNode = FALSE
	EndGlobalSection
	GlobalSection(ExtensibilityGlobals) = postSolution
		SolutionGuid = {B817AF73-517B-493E-A0C6-328DE4F33BDB}
	EndGlobalSection
EndGlobal
