
Microsoft Visual Studio Solution File, Format Version 12.00
# Visual Studio Version 17
VisualStudioVersion = 17.4.33213.308
MinimumVisualStudioVersion = 10.0.40219.1
Project("{FAE04EC0-301F-11D3-BF4B-00C04F79EFBC}") = "HandCricketGame", "HandCricketGame\HandCricketGame.csproj", "{665140ED-E0CA-431B-8FC8-E46DA8757957}"
EndProject
Global
	GlobalSection(SolutionConfigurationPlatforms) = preSolution
		Debug|Any CPU = Debug|Any CPU
		Release|Any CPU = Release|Any CPU
	EndGlobalSection
	GlobalSection(ProjectConfigurationPlatforms) = postSolution
		{665140ED-E0CA-431B-8FC8-E46DA8757957}.Debug|Any CPU.ActiveCfg = Debug|Any CPU
		{665140ED-E0CA-431B-8FC8-E46DA8757957}.Debug|Any CPU.Build.0 = Debug|Any CPU
		{665140ED-E0CA-431B-8FC8-E46DA8757957}.Release|Any CPU.ActiveCfg = Release|Any CPU
		{665140ED-E0CA-431B-8FC8-E46DA8757957}.Release|Any CPU.Build.0 = Release|Any CPU
	EndGlobalSection
	GlobalSection(SolutionProperties) = preSolution
		HideSolutionNode = FALSE
	EndGlobalSection
	GlobalSection(ExtensibilityGlobals) = postSolution
		SolutionGuid = {532197DD-D8B4-4A3C-9AF4-9FCCBCBD4D76}
	EndGlobalSection
EndGlobal
